# THIS IS AN AUTOGENERATED FILE. DO NOT EDIT THIS FILE DIRECTLY.
# yarn lockfile v1


"@types/app-root-path@^1.2.4":
  "integrity" "sha1-p4twMoKzKsVN52j1US7MNWmRncc="
  "resolved" "https://registry.npmjs.org/@types/app-root-path/-/app-root-path-1.2.4.tgz"
  "version" "1.2.4"

"@types/commander@^2.12.2":
  "integrity" "sha512-0QEFiR8ljcHp9bAbWxecjVRuAMr16ivPiGOw6KFQBVrVd0RQIcM3xKdRisH2EDWgVWujiYtHwhSkSUoAAGzH7Q=="
  "resolved" "https://registry.npmjs.org/@types/commander/-/commander-2.12.2.tgz"
  "version" "2.12.2"
  dependencies:
    "commander" "*"

"@types/node@^17.0.0":
  "integrity" "sha512-eMhwJXc931Ihh4tkU+Y7GiLzT/y/DBNpNtr4yU9O2w3SYBsr9NaOPhQlLKRmoWtI54uNwuo0IOUFQjVOTZYRvw=="
  "resolved" "https://registry.npmjs.org/@types/node/-/node-17.0.0.tgz"
  "version" "17.0.0"

"app-root-path@^3.0.0":
  "integrity" "sha512-qMcx+Gy2UZynHjOHOIXPNvpf+9cjvk3cWrBBK7zg4gH9+clobJRb9NGzcT7mQTcV/6Gm/1WelUtqxVXnNlrwcw=="
  "resolved" "https://registry.npmjs.org/app-root-path/-/app-root-path-3.0.0.tgz"
  "version" "3.0.0"

"commander@*", "commander@^8.3.0":
  "integrity" "sha512-OkTL9umf+He2DZkUq8f8J9of7yL6RJKI24dVITBmNfZBmri9zYZQrKkuXiKhyfPSu8tUhnVBB1iKXevvnlR4Ww=="
  "resolved" "https://registry.npmjs.org/commander/-/commander-8.3.0.tgz"
  "version" "8.3.0"

"ide-styles-aliases@file:../../../../usr/local/lib/node_modules/ide-styles-aliases":
  "resolved" "file:../../../../usr/local/lib/node_modules/ide-styles-aliases"
  "version" "1.0.0"
  dependencies:
    "app-root-path" "^3.0.0"
    "commander" "^8.3.0"

"tsc@^2.0.3":
  "integrity" "sha512-SN+9zBUtrpUcOpaUO7GjkEHgWtf22c7FKbKCA4e858eEM7Qz86rRDpgOU2lBIDf0fLCsEg65ms899UMUIB2+Ow=="
  "resolved" "https://registry.npmjs.org/tsc/-/tsc-2.0.3.tgz"
  "version" "2.0.3"

"typescript@^4.5.4":
  "integrity" "sha512-VgYs2A2QIRuGphtzFV7aQJduJ2gyfTljngLzjpfW9FoYZF6xuw1W0vW9ghCKLfcWrCFxK81CSGRAvS1pn4fIUg=="
  "resolved" "https://registry.npmjs.org/typescript/-/typescript-4.5.4.tgz"
  "version" "4.5.4"
